// !$*UTF8*$!
{
	archiveVersion = 1;
	classes = {
	};
	objectVersion = 46;
	objects = {

/* Begin PBXBuildFile section */
		C03F526A1A8501E800E74CBD /* KVOViewController.m in Sources */ = {isa = PBXBuildFile; fileRef = C03F52691A8501E800E74CBD /* KVOViewController.m */; };
		C05D51161A8183D500A0BF4D /* main.m in Sources */ = {isa = PBXBuildFile; fileRef = C05D51151A8183D500A0BF4D /* main.m */; };
		C05D51191A8183D500A0BF4D /* AppDelegate.m in Sources */ = {isa = PBXBuildFile; fileRef = C05D51181A8183D500A0BF4D /* AppDelegate.m */; };
		C05D511F1A8183D500A0BF4D /* Main.storyboard in Resources */ = {isa = PBXBuildFile; fileRef = C05D511D1A8183D500A0BF4D /* Main.storyboard */; };
		C05D51211A8183D500A0BF4D /* Images.xcassets in Resources */ = {isa = PBXBuildFile; fileRef = C05D51201A8183D500A0BF4D /* Images.xcassets */; };
		C05D51241A8183D500A0BF4D /* LaunchScreen.xib in Resources */ = {isa = PBXBuildFile; fileRef = C05D51221A8183D500A0BF4D /* LaunchScreen.xib */; };
		C05D51301A8183D500A0BF4D /* KVCODemoTests.m in Sources */ = {isa = PBXBuildFile; fileRef = C05D512F1A8183D500A0BF4D /* KVCODemoTests.m */; };
		C0D58E1D1A841C3E00EA3488 /* KVCMutableArray.m in Sources */ = {isa = PBXBuildFile; fileRef = C0D58E1C1A841C3E00EA3488 /* KVCMutableArray.m */; };
		C0E3A91E1A82A9A800ABEB47 /* randomNumber.m in Sources */ = {isa = PBXBuildFile; fileRef = C0E3A91D1A82A9A800ABEB47 /* randomNumber.m */; };
/* End PBXBuildFile section */

/* Begin PBXContainerItemProxy section */
		C05D512A1A8183D500A0BF4D /* PBXContainerItemProxy */ = {
			isa = PBXContainerItemProxy;
			containerPortal = C05D51081A8183D500A0BF4D /* Project object */;
			proxyType = 1;
			remoteGlobalIDString = C05D510F1A8183D500A0BF4D;
			remoteInfo = KVCODemo;
		};
/* End PBXContainerItemProxy section */

/* Begin PBXFileReference section */
		C03F52681A8501E800E74CBD /* KVOViewController.h */ = {isa = PBXFileReference; fileEncoding = 4; lastKnownFileType = sourcecode.c.h; path = KVOViewController.h; sourceTree = "<group>"; };
		C03F52691A8501E800E74CBD /* KVOViewController.m */ = {isa = PBXFileReference; fileEncoding = 4; lastKnownFileType = sourcecode.c.objc; path = KVOViewController.m; sourceTree = "<group>"; };
		C05D51101A8183D500A0BF4D /* KVCODemo.app */ = {isa = PBXFileReference; explicitFileType = wrapper.application; includeInIndex = 0; path = KVCODemo.app; sourceTree = BUILT_PRODUCTS_DIR; };
		C05D51141A8183D500A0BF4D /* Info.plist */ = {isa = PBXFileReference; lastKnownFileType = text.plist.xml; path = Info.plist; sourceTree = "<group>"; };
		C05D51151A8183D500A0BF4D /* main.m */ = {isa = PBXFileReference; lastKnownFileType = sourcecode.c.objc; path = main.m; sourceTree = "<group>"; };
		C05D51171A8183D500A0BF4D /* AppDelegate.h */ = {isa = PBXFileReference; lastKnownFileType = sourcecode.c.h; path = AppDelegate.h; sourceTree = "<group>"; };
		C05D51181A8183D500A0BF4D /* AppDelegate.m */ = {isa = PBXFileReference; lastKnownFileType = sourcecode.c.objc; path = AppDelegate.m; sourceTree = "<group>"; };
		C05D511E1A8183D500A0BF4D /* Base */ = {isa = PBXFileReference; lastKnownFileType = file.storyboard; name = Base; path = Base.lproj/Main.storyboard; sourceTree = "<group>"; };
		C05D51201A8183D500A0BF4D /* Images.xcassets */ = {isa = PBXFileReference; lastKnownFileType = folder.assetcatalog; path = Images.xcassets; sourceTree = "<group>"; };
		C05D51231A8183D500A0BF4D /* Base */ = {isa = PBXFileReference; lastKnownFileType = file.xib; name = Base; path = Base.lproj/LaunchScreen.xib; sourceTree = "<group>"; };
		C05D51291A8183D500A0BF4D /* KVCODemoTests.xctest */ = {isa = PBXFileReference; explicitFileType = wrapper.cfbundle; includeInIndex = 0; path = KVCODemoTests.xctest; sourceTree = BUILT_PRODUCTS_DIR; };
		C05D512E1A8183D500A0BF4D /* Info.plist */ = {isa = PBXFileReference; lastKnownFileType = text.plist.xml; path = Info.plist; sourceTree = "<group>"; };
		C05D512F1A8183D500A0BF4D /* KVCODemoTests.m */ = {isa = PBXFileReference; lastKnownFileType = sourcecode.c.objc; path = KVCODemoTests.m; sourceTree = "<group>"; };
		C0D58E1B1A841C3E00EA3488 /* KVCMutableArray.h */ = {isa = PBXFileReference; fileEncoding = 4; lastKnownFileType = sourcecode.c.h; path = KVCMutableArray.h; sourceTree = "<group>"; };
		C0D58E1C1A841C3E00EA3488 /* KVCMutableArray.m */ = {isa = PBXFileReference; fileEncoding = 4; lastKnownFileType = sourcecode.c.objc; path = KVCMutableArray.m; sourceTree = "<group>"; };
		C0E3A91C1A82A9A800ABEB47 /* randomNumber.h */ = {isa = PBXFileReference; fileEncoding = 4; lastKnownFileType = sourcecode.c.h; path = randomNumber.h; sourceTree = "<group>"; };
		C0E3A91D1A82A9A800ABEB47 /* randomNumber.m */ = {isa = PBXFileReference; fileEncoding = 4; lastKnownFileType = sourcecode.c.objc; path = randomNumber.m; sourceTree = "<group>"; };
/* End PBXFileReference section */

/* Begin PBXFrameworksBuildPhase section */
		C05D510D1A8183D500A0BF4D /* Frameworks */ = {
			isa = PBXFrameworksBuildPhase;
			buildActionMask = 2147483647;
			files = (
			);
			runOnlyForDeploymentPostprocessing = 0;
		};
		C05D51261A8183D500A0BF4D /* Frameworks */ = {
			isa = PBXFrameworksBuildPhase;
			buildActionMask = 2147483647;
			files = (
			);
			runOnlyForDeploymentPostprocessing = 0;
		};
/* End PBXFrameworksBuildPhase section */

/* Begin PBXGroup section */
		C05D51071A8183D500A0BF4D = {
			isa = PBXGroup;
			children = (
				C05D51121A8183D500A0BF4D /* KVCODemo */,
				C05D512C1A8183D500A0BF4D /* KVCODemoTests */,
				C05D51111A8183D500A0BF4D /* Products */,
			);
			sourceTree = "<group>";
		};
		C05D51111A8183D500A0BF4D /* Products */ = {
			isa = PBXGroup;
			children = (
				C05D51101A8183D500A0BF4D /* KVCODemo.app */,
				C05D51291A8183D500A0BF4D /* KVCODemoTests.xctest */,
			);
			name = Products;
			sourceTree = "<group>";
		};
		C05D51121A8183D500A0BF4D /* KVCODemo */ = {
			isa = PBXGroup;
			children = (
				C03F52681A8501E800E74CBD /* KVOViewController.h */,
				C03F52691A8501E800E74CBD /* KVOViewController.m */,
				C05D51171A8183D500A0BF4D /* AppDelegate.h */,
				C05D51181A8183D500A0BF4D /* AppDelegate.m */,
				C05D511D1A8183D500A0BF4D /* Main.storyboard */,
				C05D51201A8183D500A0BF4D /* Images.xcassets */,
				C05D51221A8183D500A0BF4D /* LaunchScreen.xib */,
				C05D51131A8183D500A0BF4D /* Supporting Files */,
				C0E3A91C1A82A9A800ABEB47 /* randomNumber.h */,
				C0E3A91D1A82A9A800ABEB47 /* randomNumber.m */,
				C0D58E1B1A841C3E00EA3488 /* KVCMutableArray.h */,
				C0D58E1C1A841C3E00EA3488 /* KVCMutableArray.m */,
			);
			path = KVCODemo;
			sourceTree = "<group>";
		};
		C05D51131A8183D500A0BF4D /* Supporting Files */ = {
			isa = PBXGroup;
			children = (
				C05D51141A8183D500A0BF4D /* Info.plist */,
				C05D51151A8183D500A0BF4D /* main.m */,
			);
			name = "Supporting Files";
			sourceTree = "<group>";
		};
		C05D512C1A8183D500A0BF4D /* KVCODemoTests */ = {
			isa = PBXGroup;
			children = (
				C05D512F1A8183D500A0BF4D /* KVCODemoTests.m */,
				C05D512D1A8183D500A0BF4D /* Supporting Files */,
			);
			path = KVCODemoTests;
			sourceTree = "<group>";
		};
		C05D512D1A8183D500A0BF4D /* Supporting Files */ = {
			isa = PBXGroup;
			children = (
				C05D512E1A8183D500A0BF4D /* Info.plist */,
			);
			name = "Supporting Files";
			sourceTree = "<group>";
		};
/* End PBXGroup section */

/* Begin PBXNativeTarget section */
		C05D510F1A8183D500A0BF4D /* KVCODemo */ = {
			isa = PBXNativeTarget;
			buildConfigurationList = C05D51331A8183D500A0BF4D /* Build configuration list for PBXNativeTarget "KVCODemo" */;
			buildPhases = (
				C05D510C1A8183D500A0BF4D /* Sources */,
				C05D510D1A8183D500A0BF4D /* Frameworks */,
				C05D510E1A8183D500A0BF4D /* Resources */,
			);
			buildRules = (
			);
			dependencies = (
			);
			name = KVCODemo;
			productName = KVCODemo;
			productReference = C05D51101A8183D500A0BF4D /* KVCODemo.app */;
			productType = "com.apple.product-type.application";
		};
		C05D51281A8183D500A0BF4D /* KVCODemoTests */ = {
			isa = PBXNativeTarget;
			buildConfigurationList = C05D51361A8183D500A0BF4D /* Build configuration list for PBXNativeTarget "KVCODemoTests" */;
			buildPhases = (
				C05D51251A8183D500A0BF4D /* Sources */,
				C05D51261A8183D500A0BF4D /* Frameworks */,
				C05D51271A8183D500A0BF4D /* Resources */,
			);
			buildRules = (
			);
			dependencies = (
				C05D512B1A8183D500A0BF4D /* PBXTargetDependency */,
			);
			name = KVCODemoTests;
			productName = KVCODemoTests;
			productReference = C05D51291A8183D500A0BF4D /* KVCODemoTests.xctest */;
			productType = "com.apple.product-type.bundle.unit-test";
		};
/* End PBXNativeTarget section */

/* Begin PBXProject section */
		C05D51081A8183D500A0BF4D /* Project object */ = {
			isa = PBXProject;
			attributes = {
				LastUpgradeCheck = 0610;
				ORGANIZATIONNAME = GriffTech;
				TargetAttributes = {
					C05D510F1A8183D500A0BF4D = {
						CreatedOnToolsVersion = 6.1.1;
					};
					C05D51281A8183D500A0BF4D = {
						CreatedOnToolsVersion = 6.1.1;
						TestTargetID = C05D510F1A8183D500A0BF4D;
					};
				};
			};
			buildConfigurationList = C05D510B1A8183D500A0BF4D /* Build configuration list for PBXProject "KVCODemo" */;
			compatibilityVersion = "Xcode 3.2";
			developmentRegion = English;
			hasScannedForEncodings = 0;
			knownRegions = (
				en,
				Base,
			);
			mainGroup = C05D51071A8183D500A0BF4D;
			productRefGroup = C05D51111A8183D500A0BF4D /* Products */;
			projectDirPath = "";
			projectRoot = "";
			targets = (
				C05D510F1A8183D500A0BF4D /* KVCODemo */,
				C05D51281A8183D500A0BF4D /* KVCODemoTests */,
			);
		};
/* End PBXProject section */

/* Begin PBXResourcesBuildPhase section */
		C05D510E1A8183D500A0BF4D /* Resources */ = {
			isa = PBXResourcesBuildPhase;
			buildActionMask = 2147483647;
			files = (
				C05D511F1A8183D500A0BF4D /* Main.storyboard in Resources */,
				C05D51241A8183D500A0BF4D /* LaunchScreen.xib in Resources */,
				C05D51211A8183D500A0BF4D /* Images.xcassets in Resources */,
			);
			runOnlyForDeploymentPostprocessing = 0;
		};
		C05D51271A8183D500A0BF4D /* Resources */ = {
			isa = PBXResourcesBuildPhase;
			buildActionMask = 2147483647;
			files = (
			);
			runOnlyForDeploymentPostprocessing = 0;
		};
/* End PBXResourcesBuildPhase section */

/* Begin PBXSourcesBuildPhase section */
		C05D510C1A8183D500A0BF4D /* Sources */ = {
			isa = PBXSourcesBuildPhase;
			buildActionMask = 2147483647;
			files = (
				C0D58E1D1A841C3E00EA3488 /* KVCMutableArray.m in Sources */,
				C0E3A91E1A82A9A800ABEB47 /* randomNumber.m in Sources */,
				C05D51191A8183D500A0BF4D /* AppDelegate.m in Sources */,
				C05D51161A8183D500A0BF4D /* main.m in Sources */,
				C03F526A1A8501E800E74CBD /* KVOViewController.m in Sources */,
			);
			runOnlyForDeploymentPostprocessing = 0;
		};
		C05D51251A8183D500A0BF4D /* Sources */ = {
			isa = PBXSourcesBuildPhase;
			buildActionMask = 2147483647;
			files = (
				C05D51301A8183D500A0BF4D /* KVCODemoTests.m in Sources */,
			);
			runOnlyForDeploymentPostprocessing = 0;
		};
/* End PBXSourcesBuildPhase section */

/* Begin PBXTargetDependency section */
		C05D512B1A8183D500A0BF4D /* PBXTargetDependency */ = {
			isa = PBXTargetDependency;
			target = C05D510F1A8183D500A0BF4D /* KVCODemo */;
			targetProxy = C05D512A1A8183D500A0BF4D /* PBXContainerItemProxy */;
		};
/* End PBXTargetDependency section */

/* Begin PBXVariantGroup section */
		C05D511D1A8183D500A0BF4D /* Main.storyboard */ = {
			isa = PBXVariantGroup;
			children = (
				C05D511E1A8183D500A0BF4D /* Base */,
			);
			name = Main.storyboard;
			sourceTree = "<group>";
		};
		C05D51221A8183D500A0BF4D /* LaunchScreen.xib */ = {
			isa = PBXVariantGroup;
			children = (
				C05D51231A8183D500A0BF4D /* Base */,
			);
			name = LaunchScreen.xib;
			sourceTree = "<group>";
		};
/* End PBXVariantGroup section */

/* Begin XCBuildConfiguration section */
		C05D51311A8183D500A0BF4D /* Debug */ = {
			isa = XCBuildConfiguration;
			buildSettings = {
				ALWAYS_SEARCH_USER_PATHS = NO;
				CLANG_CXX_LANGUAGE_STANDARD = "gnu++0x";
				CLANG_CXX_LIBRARY = "libc++";
				CLANG_ENABLE_MODULES = YES;
				CLANG_ENABLE_OBJC_ARC = YES;
				CLANG_WARN_BOOL_CONVERSION = YES;
				CLANG_WARN_CONSTANT_CONVERSION = YES;
				CLANG_WARN_DIRECT_OBJC_ISA_USAGE = YES_ERROR;
				CLANG_WARN_EMPTY_BODY = YES;
				CLANG_WARN_ENUM_CONVERSION = YES;
				CLANG_WARN_INT_CONVERSION = YES;
				CLANG_WARN_OBJC_ROOT_CLASS = YES_ERROR;
				CLANG_WARN_UNREACHABLE_CODE = YES;
				CLANG_WARN__DUPLICATE_METHOD_MATCH = YES;
				"CODE_SIGN_IDENTITY[sdk=iphoneos*]" = "iPhone Developer";
				COPY_PHASE_STRIP = NO;
				ENABLE_STRICT_OBJC_MSGSEND = YES;
				GCC_C_LANGUAGE_STANDARD = gnu99;
				GCC_DYNAMIC_NO_PIC = NO;
				GCC_OPTIMIZATION_LEVEL = 0;
				GCC_PREPROCESSOR_DEFINITIONS = (
					"DEBUG=1",
					"$(inherited)",
				);
				GCC_SYMBOLS_PRIVATE_EXTERN = NO;
				GCC_WARN_64_TO_32_BIT_CONVERSION = YES;
				GCC_WARN_ABOUT_RETURN_TYPE = YES_ERROR;
				GCC_WARN_UNDECLARED_SELECTOR = YES;
				GCC_WARN_UNINITIALIZED_AUTOS = YES_AGGRESSIVE;
				GCC_WARN_UNUSED_FUNCTION = YES;
				GCC_WARN_UNUSED_VARIABLE = YES;
				IPHONEOS_DEPLOYMENT_TARGET = 8.1;
				MTL_ENABLE_DEBUG_INFO = YES;
				ONLY_ACTIVE_ARCH = YES;
				SDKROOT = iphoneos;
				TARGETED_DEVICE_FAMILY = "1,2";
			};
			name = Debug;
		};
		C05D51321A8183D500A0BF4D /* Release */ = {
			isa = XCBuildConfiguration;
			buildSettings = {
				ALWAYS_SEARCH_USER_PATHS = NO;
				CLANG_CXX_LANGUAGE_STANDARD = "gnu++0x";
				CLANG_CXX_LIBRARY = "libc++";
				CLANG_ENABLE_MODULES = YES;
				CLANG_ENABLE_OBJC_ARC = YES;
				CLANG_WARN_BOOL_CONVERSION = YES;
				CLANG_WARN_CONSTANT_CONVERSION = YES;
				CLANG_WARN_DIRECT_OBJC_ISA_USAGE = YES_ERROR;
				CLANG_WARN_EMPTY_BODY = YES;
				CLANG_WARN_ENUM_CONVERSION = YES;
				CLANG_WARN_INT_CONVERSION = YES;
				CLANG_WARN_OBJC_ROOT_CLASS = YES_ERROR;
				CLANG_WARN_UNREACHABLE_CODE = YES;
				CLANG_WARN__DUPLICATE_METHOD_MATCH = YES;
				"CODE_SIGN_IDENTITY[sdk=iphoneos*]" = "iPhone Developer";
				COPY_PHASE_STRIP = YES;
				ENABLE_NS_ASSERTIONS = NO;
				ENABLE_STRICT_OBJC_MSGSEND = YES;
				GCC_C_LANGUAGE_STANDARD = gnu99;
				GCC_WARN_64_TO_32_BIT_CONVERSION = YES;
				GCC_WARN_ABOUT_RETURN_TYPE = YES_ERROR;
				GCC_WARN_UNDECLARED_SELECTOR = YES;
				GCC_WARN_UNINITIALIZED_AUTOS = YES_AGGRESSIVE;
				GCC_WARN_UNUSED_FUNCTION = YES;
				GCC_WARN_UNUSED_VARIABLE = YES;
				IPHONEOS_DEPLOYMENT_TARGET = 8.1;
				MTL_ENABLE_DEBUG_INFO = NO;
				SDKROOT = iphoneos;
				TARGETED_DEVICE_FAMILY = "1,2";
				VALIDATE_PRODUCT = YES;
			};
			name = Release;
		};
		C05D51341A8183D500A0BF4D /* Debug */ = {
			isa = XCBuildConfiguration;
			buildSettings = {
				ASSETCATALOG_COMPILER_APPICON_NAME = AppIcon;
				INFOPLIST_FILE = KVCODemo/Info.plist;
				LD_RUNPATH_SEARCH_PATHS = "$(inherited) @executable_path/Frameworks";
				PRODUCT_NAME = "$(TARGET_NAME)";
			};
			name = Debug;
		};
		C05D51351A8183D500A0BF4D /* Release */ = {
			isa = XCBuildConfiguration;
			buildSettings = {
				ASSETCATALOG_COMPILER_APPICON_NAME = AppIcon;
				INFOPLIST_FILE = KVCODemo/Info.plist;
				LD_RUNPATH_SEARCH_PATHS = "$(inherited) @executable_path/Frameworks";
				PRODUCT_NAME = "$(TARGET_NAME)";
			};
			name = Release;
		};
		C05D51371A8183D500A0BF4D /* Debug */ = {
			isa = XCBuildConfiguration;
			buildSettings = {
				BUNDLE_LOADER = "$(TEST_HOST)";
				FRAMEWORK_SEARCH_PATHS = (
					"$(SDKROOT)/Developer/Library/Frameworks",
					"$(inherited)",
				);
				GCC_PREPROCESSOR_DEFINITIONS = (
					"DEBUG=1",
					"$(inherited)",
				);
				INFOPLIST_FILE = KVCODemoTests/Info.plist;
				LD_RUNPATH_SEARCH_PATHS = "$(inherited) @executable_path/Frameworks @loader_path/Frameworks";
				PRODUCT_NAME = "$(TARGET_NAME)";
				TEST_HOST = "$(BUILT_PRODUCTS_DIR)/KVCODemo.app/KVCODemo";
			};
			name = Debug;
		};
		C05D51381A8183D500A0BF4D /* Release */ = {
			isa = XCBuildConfiguration;
			buildSettings = {
				BUNDLE_LOADER = "$(TEST_HOST)";
				FRAMEWORK_SEARCH_PATHS = (
					"$(SDKROOT)/Developer/Library/Frameworks",
					"$(inherited)",
				);
				INFOPLIST_FILE = KVCODemoTests/Info.plist;
				LD_RUNPATH_SEARCH_PATHS = "$(inherited) @executable_path/Frameworks @loader_path/Frameworks";
				PRODUCT_NAME = "$(TARGET_NAME)";
				TEST_HOST = "$(BUILT_PRODUCTS_DIR)/KVCODemo.app/KVCODemo";
			};
			name = Release;
		};
/* End XCBuildConfiguration section */

/* Begin XCConfigurationList section */
		C05D510B1A8183D500A0BF4D /* Build configuration list for PBXProject "KVCODemo" */ = {
			isa = XCConfigurationList;
			buildConfigurations = (
				C05D51311A8183D500A0BF4D /* Debug */,
				C05D51321A8183D500A0BF4D /* Release */,
			);
			defaultConfigurationIsVisible = 0;
			defaultConfigurationName = Release;
		};
		C05D51331A8183D500A0BF4D /* Build configuration list for PBXNativeTarget "KVCODemo" */ = {
			isa = XCConfigurationList;
			buildConfigurations = (
				C05D51341A8183D500A0BF4D /* Debug */,
				C05D51351A8183D500A0BF4D /* Release */,
			);
			defaultConfigurationIsVisible = 0;
			defaultConfigurationName = Release;
		};
		C05D51361A8183D500A0BF4D /* Build configuration list for PBXNativeTarget "KVCODemoTests" */ = {
			isa = XCConfigurationList;
			buildConfigurations = (
				C05D51371A8183D500A0BF4D /* Debug */,
				C05D51381A8183D500A0BF4D /* Release */,
			);
			defaultConfigurationIsVisible = 0;
			defaultConfigurationName = Release;
		};
/* End XCConfigurationList section */
	};
	rootObject = C05D51081A8183D500A0BF4D /* Project object */;
}
